
Microsoft Visual Studio Solution File, Format Version 12.00
# Visual Studio Version 16
VisualStudioVersion = 16.0.30523.141
MinimumVisualStudioVersion = 10.0.40219.1
Project("{FAE04EC0-301F-11D3-BF4B-00C04F79EFBC}") = "Calian_Claudiu_Lab5", "Calian_Claudiu_Lab5\Calian_Claudiu_Lab5.csproj", "{14A1D177-3BF4-4A8E-B33F-06BE1ECBB93A}"
EndProject
Global
	GlobalSection(SolutionConfigurationPlatforms) = preSolution
		Debug|Any CPU = Debug|Any CPU
		Release|Any CPU = Release|Any CPU
	EndGlobalSection
	GlobalSection(ProjectConfigurationPlatforms) = postSolution
		{14A1D177-3BF4-4A8E-B33F-06BE1ECBB93A}.Debug|Any CPU.ActiveCfg = Debug|Any CPU
		{14A1D177-3BF4-4A8E-B33F-06BE1ECBB93A}.Debug|Any CPU.Build.0 = Debug|Any CPU
		{14A1D177-3BF4-4A8E-B33F-06BE1ECBB93A}.Release|Any CPU.ActiveCfg = Release|Any CPU
		{14A1D177-3BF4-4A8E-B33F-06BE1ECBB93A}.Release|Any CPU.Build.0 = Release|Any CPU
	EndGlobalSection
	GlobalSection(SolutionProperties) = preSolution
		HideSolutionNode = FALSE
	EndGlobalSection
	GlobalSection(ExtensibilityGlobals) = postSolution
		SolutionGuid = {8A58B6B2-86E4-48F9-B811-DD6D824A4052}
	EndGlobalSection
EndGlobal
